
Microsoft Visual Studio Solution File, Format Version 12.00
# Visual Studio Version 16
VisualStudioVersion = 16.0.31410.357
MinimumVisualStudioVersion = 10.0.40219.1
Project("{9A19103F-16F7-4668-BE54-9A1E7A4F7556}") = "Lesson_1", "Lesson_1\Lesson_1\Lesson_1.csproj", "{EDEAD5FE-E645-4BCF-8C8C-B0BE041546C9}"
EndProject
Project("{2150E333-8FDC-42A3-9474-1A3956D46DE8}") = "Lesson_2", "Lesson_2", "{77B9E347-9BE6-46B0-AE8A-78953E570ACE}"
EndProject
Project("{9A19103F-16F7-4668-BE54-9A1E7A4F7556}") = "MetricsManager", "Lesson_2\MetricsManager\MetricsManager.csproj", "{1D4668F5-3272-4B59-B0C6-1D3F4BD91564}"
EndProject
Project("{9A19103F-16F7-4668-BE54-9A1E7A4F7556}") = "MetricsManager.Tests", "Lesson_2\MetricsManagerTests\MetricsManager.Tests.csproj", "{623A5DAA-4F61-4C33-B808-DD0B1E9C3A49}"
EndProject
Project("{9A19103F-16F7-4668-BE54-9A1E7A4F7556}") = "MetricsAgent", "Lesson_2\MetricsAgent\MetricsAgent.csproj", "{B12A3E3E-E355-415C-AB0A-AEAAB3FEB221}"
EndProject
Project("{9A19103F-16F7-4668-BE54-9A1E7A4F7556}") = "MetricsAgent.Tests", "Lesson_2\MetricsAgent.Tests\MetricsAgent.Tests.csproj", "{0CE5F8DC-904A-43A9-B85E-699FA46BA00E}"
EndProject
Project("{2150E333-8FDC-42A3-9474-1A3956D46DE8}") = "Lesson_3", "Lesson_3", "{AC377766-EAE9-4CFC-A0E8-DBE6CAECCE00}"
EndProject
Project("{9A19103F-16F7-4668-BE54-9A1E7A4F7556}") = "MetricsAgent", "Lesson_3\MetricsAgent\MetricsAgent.csproj", "{29D8B642-4112-44EC-A9C8-8275AA232D6D}"
EndProject
Project("{9A19103F-16F7-4668-BE54-9A1E7A4F7556}") = "MetricsAgent.Tests", "Lesson_3\MetricsAgent.Tests\MetricsAgent.Tests.csproj", "{9A56C894-0BDB-4BCB-94EB-1FFA63E4B12B}"
EndProject
Project("{9A19103F-16F7-4668-BE54-9A1E7A4F7556}") = "MetricsManager", "Lesson_3\MetricsManager\MetricsManager.csproj", "{BA5B3D32-E626-46E8-9249-4A746D62C1CE}"
EndProject
Project("{9A19103F-16F7-4668-BE54-9A1E7A4F7556}") = "MetricsManager.Tests", "Lesson_3\MetricsManagerTests\MetricsManager.Tests.csproj", "{CDE4583C-C64B-4B2F-843A-858DD90C0195}"
EndProject
Project("{2150E333-8FDC-42A3-9474-1A3956D46DE8}") = "Lesson_4", "Lesson_4", "{3679FF26-664E-491D-96F5-18FB806EBB77}"
EndProject
Project("{9A19103F-16F7-4668-BE54-9A1E7A4F7556}") = "MetricsAgent", "Lesson_4\MetricsAgent\MetricsAgent.csproj", "{370A589C-39F0-47F2-80C4-525D55707774}"
EndProject
Project("{9A19103F-16F7-4668-BE54-9A1E7A4F7556}") = "MetricsAgent.Tests", "Lesson_4\MetricsAgent.Tests\MetricsAgent.Tests.csproj", "{9F92A55E-BBC9-4F94-AC2D-D608934A6476}"
EndProject
Project("{9A19103F-16F7-4668-BE54-9A1E7A4F7556}") = "MetricsManager", "Lesson_4\MetricsManager\MetricsManager.csproj", "{1CC81894-653F-41FD-9C10-B7E209C4C81D}"
EndProject
Project("{9A19103F-16F7-4668-BE54-9A1E7A4F7556}") = "MetricsManager.Tests", "Lesson_4\MetricsManagerTests\MetricsManager.Tests.csproj", "{4FCD3EEF-8ACD-439C-A131-8BB486990B3C}"
EndProject
Project("{9A19103F-16F7-4668-BE54-9A1E7A4F7556}") = "MetricsAgent.DB", "Lesson_4\MetricsManager.DB\MetricsAgent.DB.csproj", "{E97E6CA5-93AE-4FCE-B735-BC57A9B4909E}"
EndProject
Global
	GlobalSection(SolutionConfigurationPlatforms) = preSolution
		Debug|Any CPU = Debug|Any CPU
		Release|Any CPU = Release|Any CPU
	EndGlobalSection
	GlobalSection(ProjectConfigurationPlatforms) = postSolution
		{EDEAD5FE-E645-4BCF-8C8C-B0BE041546C9}.Debug|Any CPU.ActiveCfg = Debug|Any CPU
		{EDEAD5FE-E645-4BCF-8C8C-B0BE041546C9}.Debug|Any CPU.Build.0 = Debug|Any CPU
		{EDEAD5FE-E645-4BCF-8C8C-B0BE041546C9}.Release|Any CPU.ActiveCfg = Release|Any CPU
		{EDEAD5FE-E645-4BCF-8C8C-B0BE041546C9}.Release|Any CPU.Build.0 = Release|Any CPU
		{1D4668F5-3272-4B59-B0C6-1D3F4BD91564}.Debug|Any CPU.ActiveCfg = Debug|Any CPU
		{1D4668F5-3272-4B59-B0C6-1D3F4BD91564}.Debug|Any CPU.Build.0 = Debug|Any CPU
		{1D4668F5-3272-4B59-B0C6-1D3F4BD91564}.Release|Any CPU.ActiveCfg = Release|Any CPU
		{1D4668F5-3272-4B59-B0C6-1D3F4BD91564}.Release|Any CPU.Build.0 = Release|Any CPU
		{623A5DAA-4F61-4C33-B808-DD0B1E9C3A49}.Debug|Any CPU.ActiveCfg = Debug|Any CPU
		{623A5DAA-4F61-4C33-B808-DD0B1E9C3A49}.Debug|Any CPU.Build.0 = Debug|Any CPU
		{623A5DAA-4F61-4C33-B808-DD0B1E9C3A49}.Release|Any CPU.ActiveCfg = Release|Any CPU
		{623A5DAA-4F61-4C33-B808-DD0B1E9C3A49}.Release|Any CPU.Build.0 = Release|Any CPU
		{B12A3E3E-E355-415C-AB0A-AEAAB3FEB221}.Debug|Any CPU.ActiveCfg = Debug|Any CPU
		{B12A3E3E-E355-415C-AB0A-AEAAB3FEB221}.Debug|Any CPU.Build.0 = Debug|Any CPU
		{B12A3E3E-E355-415C-AB0A-AEAAB3FEB221}.Release|Any CPU.ActiveCfg = Release|Any CPU
		{B12A3E3E-E355-415C-AB0A-AEAAB3FEB221}.Release|Any CPU.Build.0 = Release|Any CPU
		{0CE5F8DC-904A-43A9-B85E-699FA46BA00E}.Debug|Any CPU.ActiveCfg = Debug|Any CPU
		{0CE5F8DC-904A-43A9-B85E-699FA46BA00E}.Debug|Any CPU.Build.0 = Debug|Any CPU
		{0CE5F8DC-904A-43A9-B85E-699FA46BA00E}.Release|Any CPU.ActiveCfg = Release|Any CPU
		{0CE5F8DC-904A-43A9-B85E-699FA46BA00E}.Release|Any CPU.Build.0 = Release|Any CPU
		{29D8B642-4112-44EC-A9C8-8275AA232D6D}.Debug|Any CPU.ActiveCfg = Debug|Any CPU
		{29D8B642-4112-44EC-A9C8-8275AA232D6D}.Debug|Any CPU.Build.0 = Debug|Any CPU
		{29D8B642-4112-44EC-A9C8-8275AA232D6D}.Release|Any CPU.ActiveCfg = Release|Any CPU
		{29D8B642-4112-44EC-A9C8-8275AA232D6D}.Release|Any CPU.Build.0 = Release|Any CPU
		{9A56C894-0BDB-4BCB-94EB-1FFA63E4B12B}.Debug|Any CPU.ActiveCfg = Debug|Any CPU
		{9A56C894-0BDB-4BCB-94EB-1FFA63E4B12B}.Debug|Any CPU.Build.0 = Debug|Any CPU
		{9A56C894-0BDB-4BCB-94EB-1FFA63E4B12B}.Release|Any CPU.ActiveCfg = Release|Any CPU
		{9A56C894-0BDB-4BCB-94EB-1FFA63E4B12B}.Release|Any CPU.Build.0 = Release|Any CPU
		{BA5B3D32-E626-46E8-9249-4A746D62C1CE}.Debug|Any CPU.ActiveCfg = Debug|Any CPU
		{BA5B3D32-E626-46E8-9249-4A746D62C1CE}.Debug|Any CPU.Build.0 = Debug|Any CPU
		{BA5B3D32-E626-46E8-9249-4A746D62C1CE}.Release|Any CPU.ActiveCfg = Release|Any CPU
		{BA5B3D32-E626-46E8-9249-4A746D62C1CE}.Release|Any CPU.Build.0 = Release|Any CPU
		{CDE4583C-C64B-4B2F-843A-858DD90C0195}.Debug|Any CPU.ActiveCfg = Debug|Any CPU
		{CDE4583C-C64B-4B2F-843A-858DD90C0195}.Debug|Any CPU.Build.0 = Debug|Any CPU
		{CDE4583C-C64B-4B2F-843A-858DD90C0195}.Release|Any CPU.ActiveCfg = Release|Any CPU
		{CDE4583C-C64B-4B2F-843A-858DD90C0195}.Release|Any CPU.Build.0 = Release|Any CPU
		{370A589C-39F0-47F2-80C4-525D55707774}.Debug|Any CPU.ActiveCfg = Debug|Any CPU
		{370A589C-39F0-47F2-80C4-525D55707774}.Debug|Any CPU.Build.0 = Debug|Any CPU
		{370A589C-39F0-47F2-80C4-525D55707774}.Release|Any CPU.ActiveCfg = Release|Any CPU
		{370A589C-39F0-47F2-80C4-525D55707774}.Release|Any CPU.Build.0 = Release|Any CPU
		{9F92A55E-BBC9-4F94-AC2D-D608934A6476}.Debug|Any CPU.ActiveCfg = Debug|Any CPU
		{9F92A55E-BBC9-4F94-AC2D-D608934A6476}.Debug|Any CPU.Build.0 = Debug|Any CPU
		{9F92A55E-BBC9-4F94-AC2D-D608934A6476}.Release|Any CPU.ActiveCfg = Release|Any CPU
		{9F92A55E-BBC9-4F94-AC2D-D608934A6476}.Release|Any CPU.Build.0 = Release|Any CPU
		{1CC81894-653F-41FD-9C10-B7E209C4C81D}.Debug|Any CPU.ActiveCfg = Debug|Any CPU
		{1CC81894-653F-41FD-9C10-B7E209C4C81D}.Debug|Any CPU.Build.0 = Debug|Any CPU
		{1CC81894-653F-41FD-9C10-B7E209C4C81D}.Release|Any CPU.ActiveCfg = Release|Any CPU
		{1CC81894-653F-41FD-9C10-B7E209C4C81D}.Release|Any CPU.Build.0 = Release|Any CPU
		{4FCD3EEF-8ACD-439C-A131-8BB486990B3C}.Debug|Any CPU.ActiveCfg = Debug|Any CPU
		{4FCD3EEF-8ACD-439C-A131-8BB486990B3C}.Debug|Any CPU.Build.0 = Debug|Any CPU
		{4FCD3EEF-8ACD-439C-A131-8BB486990B3C}.Release|Any CPU.ActiveCfg = Release|Any CPU
		{4FCD3EEF-8ACD-439C-A131-8BB486990B3C}.Release|Any CPU.Build.0 = Release|Any CPU
		{E97E6CA5-93AE-4FCE-B735-BC57A9B4909E}.Debug|Any CPU.ActiveCfg = Debug|Any CPU
		{E97E6CA5-93AE-4FCE-B735-BC57A9B4909E}.Debug|Any CPU.Build.0 = Debug|Any CPU
		{E97E6CA5-93AE-4FCE-B735-BC57A9B4909E}.Release|Any CPU.ActiveCfg = Release|Any CPU
		{E97E6CA5-93AE-4FCE-B735-BC57A9B4909E}.Release|Any CPU.Build.0 = Release|Any CPU
	EndGlobalSection
	GlobalSection(SolutionProperties) = preSolution
		HideSolutionNode = FALSE
	EndGlobalSection
	GlobalSection(NestedProjects) = preSolution
		{1D4668F5-3272-4B59-B0C6-1D3F4BD91564} = {77B9E347-9BE6-46B0-AE8A-78953E570ACE}
		{623A5DAA-4F61-4C33-B808-DD0B1E9C3A49} = {77B9E347-9BE6-46B0-AE8A-78953E570ACE}
		{B12A3E3E-E355-415C-AB0A-AEAAB3FEB221} = {77B9E347-9BE6-46B0-AE8A-78953E570ACE}
		{0CE5F8DC-904A-43A9-B85E-699FA46BA00E} = {77B9E347-9BE6-46B0-AE8A-78953E570ACE}
		{29D8B642-4112-44EC-A9C8-8275AA232D6D} = {AC377766-EAE9-4CFC-A0E8-DBE6CAECCE00}
		{9A56C894-0BDB-4BCB-94EB-1FFA63E4B12B} = {AC377766-EAE9-4CFC-A0E8-DBE6CAECCE00}
		{BA5B3D32-E626-46E8-9249-4A746D62C1CE} = {AC377766-EAE9-4CFC-A0E8-DBE6CAECCE00}
		{CDE4583C-C64B-4B2F-843A-858DD90C0195} = {AC377766-EAE9-4CFC-A0E8-DBE6CAECCE00}
		{370A589C-39F0-47F2-80C4-525D55707774} = {3679FF26-664E-491D-96F5-18FB806EBB77}
		{9F92A55E-BBC9-4F94-AC2D-D608934A6476} = {3679FF26-664E-491D-96F5-18FB806EBB77}
		{1CC81894-653F-41FD-9C10-B7E209C4C81D} = {3679FF26-664E-491D-96F5-18FB806EBB77}
		{4FCD3EEF-8ACD-439C-A131-8BB486990B3C} = {3679FF26-664E-491D-96F5-18FB806EBB77}
		{E97E6CA5-93AE-4FCE-B735-BC57A9B4909E} = {3679FF26-664E-491D-96F5-18FB806EBB77}
	EndGlobalSection
	GlobalSection(ExtensibilityGlobals) = postSolution
		SolutionGuid = {7751B6A8-6C4C-4403-AAB7-EEEBFA5ED3E5}
	EndGlobalSection
EndGlobal
